PODS:
  - device_info_plus (0.0.1):
    - Flutter
  - Flutter (1.0.0)
  - flutter_ort_plugin (0.0.1):
    - Flutter
    - onnxruntime-c (= 1.24.1)
  - onnxruntime-c (1.24.1)

DEPENDENCIES:
  - device_info_plus (from `.symlinks/plugins/device_info_plus/ios`)
  - Flutter (from `Flutter`)
  - flutter_ort_plugin (from `.symlinks/plugins/flutter_ort_plugin/ios`)

SPEC REPOS:
  trunk:
    - onnxruntime-c

EXTERNAL SOURCES:
  device_info_plus:
    :path: ".symlinks/plugins/device_info_plus/ios"
  Flutter:
    :path: Flutter
  flutter_ort_plugin:
    :path: ".symlinks/plugins/flutter_ort_plugin/ios"

SPEC CHECKSUMS:
  device_info_plus: 335f3ce08d2e174b9fdc3db3db0f4e3b1f66bd89
  Flutter: cabc95a1d2626b1b06e7179b784ebcf0c0cde467
  flutter_ort_plugin: 74f756a8defb87e52ecd45c732895878ce2d1c03
  onnxruntime-c: f48d98ac3179b177d158353213055667893a01f4

PODFILE CHECKSUM: 1857a7cdb7dfafe45f2b0e9a9af44644190f7506

COCOAPODS: 1.16.2
